
Microsoft Visual Studio Solution File, Format Version 12.00
# Visual Studio Version 16
VisualStudioVersion = 16.0.29806.167
MinimumVisualStudioVersion = 10.0.40219.1
Project("{2150E333-8FDC-42A3-9474-1A3956D46DE8}") = "src", "src", "{B1F80D21-7738-4DA6-B3D1-C5E77F7146E4}"
EndProject
Project("{2150E333-8FDC-42A3-9474-1A3956D46DE8}") = "tests", "tests", "{5AFB00CF-8E6E-4402-8870-05CF483F43BC}"
EndProject
Project("{2150E333-8FDC-42A3-9474-1A3956D46DE8}") = "Catalog", "Catalog", "{4F4FB78C-17C7-4726-A65D-C5CA1E40A806}"
EndProject
Project("{2150E333-8FDC-42A3-9474-1A3956D46DE8}") = "Basket", "Basket", "{D6F43D19-A527-4BDB-9CF7-2ABB731C1014}"
EndProject
Project("{2150E333-8FDC-42A3-9474-1A3956D46DE8}") = "Order", "Order", "{ED7226E2-4D3C-4164-A88C-436845332BC1}"
EndProject
Project("{9A19103F-16F7-4668-BE54-9A1E7A4F7556}") = "Catalog.API", "src\Catalog\Catalog.API\Catalog.API.csproj", "{C81249E2-63E5-41EC-9A29-C66D622AF86D}"
EndProject
Project("{2150E333-8FDC-42A3-9474-1A3956D46DE8}") = "WebUI", "WebUI", "{A620B284-D093-4BB9-92B2-8E0FE0B7B24C}"
EndProject
Project("{2150E333-8FDC-42A3-9474-1A3956D46DE8}") = "ApiGateway", "ApiGateway", "{652564FB-14BE-4016-BB38-57039BB73B2A}"
EndProject
Project("{9A19103F-16F7-4668-BE54-9A1E7A4F7556}") = "ShopApp", "src\webui\ShopApp\ShopApp.csproj", "{B445668C-7C71-469D-9A6A-27C87043EF60}"
EndProject
Project("{9A19103F-16F7-4668-BE54-9A1E7A4F7556}") = "Order.API", "src\Order\Order.API\Order.API.csproj", "{981A5534-0E42-4DC9-B99C-2A95EAF97ADF}"
EndProject
Project("{9A19103F-16F7-4668-BE54-9A1E7A4F7556}") = "Basket.API", "src\Basket\Basket.API\Basket.API.csproj", "{A80C8D6B-E128-4ABD-996B-DE9872845A91}"
EndProject
Project("{9A19103F-16F7-4668-BE54-9A1E7A4F7556}") = "Order.Core", "Order.Core\Order.Core.csproj", "{268069EA-D298-4F9A-9C9E-1A823815124B}"
EndProject
Project("{9A19103F-16F7-4668-BE54-9A1E7A4F7556}") = "Order.Infrastructure", "src\order\Order.Infrastructure\Order.Infrastructure.csproj", "{F8A541D6-36C6-4CC2-8FE2-804FC7FF4A4B}"
EndProject
Project("{2150E333-8FDC-42A3-9474-1A3956D46DE8}") = "Shipment", "Shipment", "{97A43AA5-C1D3-4CB0-B0EB-501A71422A35}"
EndProject
Project("{FAE04EC0-301F-11D3-BF4B-00C04F79EFBC}") = "Shipment.API", "src\shipment\Shipment.API\Shipment.API.csproj", "{3F0400B9-666C-4E0F-9CAD-58C3ED760C76}"
EndProject
Global
	GlobalSection(SolutionConfigurationPlatforms) = preSolution
		Debug|Any CPU = Debug|Any CPU
		Release|Any CPU = Release|Any CPU
	EndGlobalSection
	GlobalSection(ProjectConfigurationPlatforms) = postSolution
		{C81249E2-63E5-41EC-9A29-C66D622AF86D}.Debug|Any CPU.ActiveCfg = Debug|Any CPU
		{C81249E2-63E5-41EC-9A29-C66D622AF86D}.Debug|Any CPU.Build.0 = Debug|Any CPU
		{C81249E2-63E5-41EC-9A29-C66D622AF86D}.Release|Any CPU.ActiveCfg = Release|Any CPU
		{C81249E2-63E5-41EC-9A29-C66D622AF86D}.Release|Any CPU.Build.0 = Release|Any CPU
		{B445668C-7C71-469D-9A6A-27C87043EF60}.Debug|Any CPU.ActiveCfg = Debug|Any CPU
		{B445668C-7C71-469D-9A6A-27C87043EF60}.Debug|Any CPU.Build.0 = Debug|Any CPU
		{B445668C-7C71-469D-9A6A-27C87043EF60}.Release|Any CPU.ActiveCfg = Release|Any CPU
		{B445668C-7C71-469D-9A6A-27C87043EF60}.Release|Any CPU.Build.0 = Release|Any CPU
		{981A5534-0E42-4DC9-B99C-2A95EAF97ADF}.Debug|Any CPU.ActiveCfg = Debug|Any CPU
		{981A5534-0E42-4DC9-B99C-2A95EAF97ADF}.Debug|Any CPU.Build.0 = Debug|Any CPU
		{981A5534-0E42-4DC9-B99C-2A95EAF97ADF}.Release|Any CPU.ActiveCfg = Release|Any CPU
		{981A5534-0E42-4DC9-B99C-2A95EAF97ADF}.Release|Any CPU.Build.0 = Release|Any CPU
		{A80C8D6B-E128-4ABD-996B-DE9872845A91}.Debug|Any CPU.ActiveCfg = Debug|Any CPU
		{A80C8D6B-E128-4ABD-996B-DE9872845A91}.Debug|Any CPU.Build.0 = Debug|Any CPU
		{A80C8D6B-E128-4ABD-996B-DE9872845A91}.Release|Any CPU.ActiveCfg = Release|Any CPU
		{A80C8D6B-E128-4ABD-996B-DE9872845A91}.Release|Any CPU.Build.0 = Release|Any CPU
		{268069EA-D298-4F9A-9C9E-1A823815124B}.Debug|Any CPU.ActiveCfg = Debug|Any CPU
		{268069EA-D298-4F9A-9C9E-1A823815124B}.Debug|Any CPU.Build.0 = Debug|Any CPU
		{268069EA-D298-4F9A-9C9E-1A823815124B}.Release|Any CPU.ActiveCfg = Release|Any CPU
		{268069EA-D298-4F9A-9C9E-1A823815124B}.Release|Any CPU.Build.0 = Release|Any CPU
		{F8A541D6-36C6-4CC2-8FE2-804FC7FF4A4B}.Debug|Any CPU.ActiveCfg = Debug|Any CPU
		{F8A541D6-36C6-4CC2-8FE2-804FC7FF4A4B}.Debug|Any CPU.Build.0 = Debug|Any CPU
		{F8A541D6-36C6-4CC2-8FE2-804FC7FF4A4B}.Release|Any CPU.ActiveCfg = Release|Any CPU
		{F8A541D6-36C6-4CC2-8FE2-804FC7FF4A4B}.Release|Any CPU.Build.0 = Release|Any CPU
		{3F0400B9-666C-4E0F-9CAD-58C3ED760C76}.Debug|Any CPU.ActiveCfg = Debug|Any CPU
		{3F0400B9-666C-4E0F-9CAD-58C3ED760C76}.Debug|Any CPU.Build.0 = Debug|Any CPU
		{3F0400B9-666C-4E0F-9CAD-58C3ED760C76}.Release|Any CPU.ActiveCfg = Release|Any CPU
		{3F0400B9-666C-4E0F-9CAD-58C3ED760C76}.Release|Any CPU.Build.0 = Release|Any CPU
	EndGlobalSection
	GlobalSection(SolutionProperties) = preSolution
		HideSolutionNode = FALSE
	EndGlobalSection
	GlobalSection(NestedProjects) = preSolution
		{4F4FB78C-17C7-4726-A65D-C5CA1E40A806} = {B1F80D21-7738-4DA6-B3D1-C5E77F7146E4}
		{D6F43D19-A527-4BDB-9CF7-2ABB731C1014} = {B1F80D21-7738-4DA6-B3D1-C5E77F7146E4}
		{ED7226E2-4D3C-4164-A88C-436845332BC1} = {B1F80D21-7738-4DA6-B3D1-C5E77F7146E4}
		{C81249E2-63E5-41EC-9A29-C66D622AF86D} = {4F4FB78C-17C7-4726-A65D-C5CA1E40A806}
		{A620B284-D093-4BB9-92B2-8E0FE0B7B24C} = {B1F80D21-7738-4DA6-B3D1-C5E77F7146E4}
		{652564FB-14BE-4016-BB38-57039BB73B2A} = {B1F80D21-7738-4DA6-B3D1-C5E77F7146E4}
		{B445668C-7C71-469D-9A6A-27C87043EF60} = {A620B284-D093-4BB9-92B2-8E0FE0B7B24C}
		{981A5534-0E42-4DC9-B99C-2A95EAF97ADF} = {ED7226E2-4D3C-4164-A88C-436845332BC1}
		{A80C8D6B-E128-4ABD-996B-DE9872845A91} = {D6F43D19-A527-4BDB-9CF7-2ABB731C1014}
		{268069EA-D298-4F9A-9C9E-1A823815124B} = {ED7226E2-4D3C-4164-A88C-436845332BC1}
		{F8A541D6-36C6-4CC2-8FE2-804FC7FF4A4B} = {ED7226E2-4D3C-4164-A88C-436845332BC1}
		{97A43AA5-C1D3-4CB0-B0EB-501A71422A35} = {B1F80D21-7738-4DA6-B3D1-C5E77F7146E4}
		{3F0400B9-666C-4E0F-9CAD-58C3ED760C76} = {97A43AA5-C1D3-4CB0-B0EB-501A71422A35}
	EndGlobalSection
	GlobalSection(ExtensibilityGlobals) = postSolution
		SolutionGuid = {84204196-8211-4BEA-8688-10C3584CADB2}
	EndGlobalSection
EndGlobal
